
Microsoft Visual Studio Solution File, Format Version 12.00
# Visual Studio Version 17
VisualStudioVersion = 17.14.36717.8 d17.14
MinimumVisualStudioVersion = 10.0.40219.1
Project("{FAE04EC0-301F-11D3-BF4B-00C04F79EFBC}") = "Horoscope", "Horoscope\Horoscope.csproj", "{14994933-7B9F-4D4B-8B96-CA4B07251239}"
EndProject
Global
	GlobalSection(SolutionConfigurationPlatforms) = preSolution
		Debug|Any CPU = Debug|Any CPU
		Release|Any CPU = Release|Any CPU
	EndGlobalSection
	GlobalSection(ProjectConfigurationPlatforms) = postSolution
		{14994933-7B9F-4D4B-8B96-CA4B07251239}.Debug|Any CPU.ActiveCfg = Debug|Any CPU
		{14994933-7B9F-4D4B-8B96-CA4B07251239}.Debug|Any CPU.Build.0 = Debug|Any CPU
		{14994933-7B9F-4D4B-8B96-CA4B07251239}.Release|Any CPU.ActiveCfg = Release|Any CPU
		{14994933-7B9F-4D4B-8B96-CA4B07251239}.Release|Any CPU.Build.0 = Release|Any CPU
	EndGlobalSection
	GlobalSection(SolutionProperties) = preSolution
		HideSolutionNode = FALSE
	EndGlobalSection
	GlobalSection(ExtensibilityGlobals) = postSolution
		SolutionGuid = {28470CA5-247C-416D-A02F-7247E3386E7E}
	EndGlobalSection
EndGlobal
